// !$*UTF8*$!
{
	archiveVersion = 1;
	classes = {
	};
	objectVersion = 50;
	objects = {

/* Begin PBXBuildFile section */
		9F3C2CAC25B8C701000D7577 /* AppDelegate.swift in Sources */ = {isa = PBXBuildFile; fileRef = 9F3C2CAB25B8C701000D7577 /* AppDelegate.swift */; };
		9F3C2CAE25B8C701000D7577 /* SceneDelegate.swift in Sources */ = {isa = PBXBuildFile; fileRef = 9F3C2CAD25B8C701000D7577 /* SceneDelegate.swift */; };
		9F3C2CB025B8C701000D7577 /* ContentView.swift in Sources */ = {isa = PBXBuildFile; fileRef = 9F3C2CAF25B8C701000D7577 /* ContentView.swift */; };
		9F3C2CB225B8C702000D7577 /* Assets.xcassets in Resources */ = {isa = PBXBuildFile; fileRef = 9F3C2CB125B8C702000D7577 /* Assets.xcassets */; };
		9F3C2CB525B8C702000D7577 /* Preview Assets.xcassets in Resources */ = {isa = PBXBuildFile; fileRef = 9F3C2CB425B8C702000D7577 /* Preview Assets.xcassets */; };
		9F3C2CB825B8C702000D7577 /* LaunchScreen.storyboard in Resources */ = {isa = PBXBuildFile; fileRef = 9F3C2CB625B8C702000D7577 /* LaunchScreen.storyboard */; };
		9F3C2CC325B8C702000D7577 /* DrawingTests.swift in Sources */ = {isa = PBXBuildFile; fileRef = 9F3C2CC225B8C702000D7577 /* DrawingTests.swift */; };
		9F3C2CCE25B8C702000D7577 /* DrawingUITests.swift in Sources */ = {isa = PBXBuildFile; fileRef = 9F3C2CCD25B8C702000D7577 /* DrawingUITests.swift */; };
		9FCC839225B9E7F9008F4724 /* ChallengeView.swift in Sources */ = {isa = PBXBuildFile; fileRef = 9FCC839125B9E7F9008F4724 /* ChallengeView.swift */; };
/* End PBXBuildFile section */

/* Begin PBXContainerItemProxy section */
		9F3C2CBF25B8C702000D7577 /* PBXContainerItemProxy */ = {
			isa = PBXContainerItemProxy;
			containerPortal = 9F3C2CA025B8C701000D7577 /* Project object */;
			proxyType = 1;
			remoteGlobalIDString = 9F3C2CA725B8C701000D7577;
			remoteInfo = Drawing;
		};
		9F3C2CCA25B8C702000D7577 /* PBXContainerItemProxy */ = {
			isa = PBXContainerItemProxy;
			containerPortal = 9F3C2CA025B8C701000D7577 /* Project object */;
			proxyType = 1;
			remoteGlobalIDString = 9F3C2CA725B8C701000D7577;
			remoteInfo = Drawing;
		};
/* End PBXContainerItemProxy section */

/* Begin PBXFileReference section */
		9F3C2CA825B8C701000D7577 /* Drawing.app */ = {isa = PBXFileReference; explicitFileType = wrapper.application; includeInIndex = 0; path = Drawing.app; sourceTree = BUILT_PRODUCTS_DIR; };
		9F3C2CAB25B8C701000D7577 /* AppDelegate.swift */ = {isa = PBXFileReference; lastKnownFileType = sourcecode.swift; path = AppDelegate.swift; sourceTree = "<group>"; };
		9F3C2CAD25B8C701000D7577 /* SceneDelegate.swift */ = {isa = PBXFileReference; lastKnownFileType = sourcecode.swift; path = SceneDelegate.swift; sourceTree = "<group>"; };
		9F3C2CAF25B8C701000D7577 /* ContentView.swift */ = {isa = PBXFileReference; lastKnownFileType = sourcecode.swift; path = ContentView.swift; sourceTree = "<group>"; };
		9F3C2CB125B8C702000D7577 /* Assets.xcassets */ = {isa = PBXFileReference; lastKnownFileType = folder.assetcatalog; path = Assets.xcassets; sourceTree = "<group>"; };
		9F3C2CB425B8C702000D7577 /* Preview Assets.xcassets */ = {isa = PBXFileReference; lastKnownFileType = folder.assetcatalog; path = "Preview Assets.xcassets"; sourceTree = "<group>"; };
		9F3C2CB725B8C702000D7577 /* Base */ = {isa = PBXFileReference; lastKnownFileType = file.storyboard; name = Base; path = Base.lproj/LaunchScreen.storyboard; sourceTree = "<group>"; };
		9F3C2CB925B8C702000D7577 /* Info.plist */ = {isa = PBXFileReference; lastKnownFileType = text.plist.xml; path = Info.plist; sourceTree = "<group>"; };
		9F3C2CBE25B8C702000D7577 /* DrawingTests.xctest */ = {isa = PBXFileReference; explicitFileType = wrapper.cfbundle; includeInIndex = 0; path = DrawingTests.xctest; sourceTree = BUILT_PRODUCTS_DIR; };
		9F3C2CC225B8C702000D7577 /* DrawingTests.swift */ = {isa = PBXFileReference; lastKnownFileType = sourcecode.swift; path = DrawingTests.swift; sourceTree = "<group>"; };
		9F3C2CC425B8C702000D7577 /* Info.plist */ = {isa = PBXFileReference; lastKnownFileType = text.plist.xml; path = Info.plist; sourceTree = "<group>"; };
		9F3C2CC925B8C702000D7577 /* DrawingUITests.xctest */ = {isa = PBXFileReference; explicitFileType = wrapper.cfbundle; includeInIndex = 0; path = DrawingUITests.xctest; sourceTree = BUILT_PRODUCTS_DIR; };
		9F3C2CCD25B8C702000D7577 /* DrawingUITests.swift */ = {isa = PBXFileReference; lastKnownFileType = sourcecode.swift; path = DrawingUITests.swift; sourceTree = "<group>"; };
		9F3C2CCF25B8C702000D7577 /* Info.plist */ = {isa = PBXFileReference; lastKnownFileType = text.plist.xml; path = Info.plist; sourceTree = "<group>"; };
		9FCC839125B9E7F9008F4724 /* ChallengeView.swift */ = {isa = PBXFileReference; lastKnownFileType = sourcecode.swift; path = ChallengeView.swift; sourceTree = "<group>"; };
/* End PBXFileReference section */

/* Begin PBXFrameworksBuildPhase section */
		9F3C2CA525B8C701000D7577 /* Frameworks */ = {
			isa = PBXFrameworksBuildPhase;
			buildActionMask = 2147483647;
			files = (
			);
			runOnlyForDeploymentPostprocessing = 0;
		};
		9F3C2CBB25B8C702000D7577 /* Frameworks */ = {
			isa = PBXFrameworksBuildPhase;
			buildActionMask = 2147483647;
			files = (
			);
			runOnlyForDeploymentPostprocessing = 0;
		};
		9F3C2CC625B8C702000D7577 /* Frameworks */ = {
			isa = PBXFrameworksBuildPhase;
			buildActionMask = 2147483647;
			files = (
			);
			runOnlyForDeploymentPostprocessing = 0;
		};
/* End PBXFrameworksBuildPhase section */

/* Begin PBXGroup section */
		9F3C2C9F25B8C701000D7577 = {
			isa = PBXGroup;
			children = (
				9F3C2CAA25B8C701000D7577 /* Drawing */,
				9F3C2CC125B8C702000D7577 /* DrawingTests */,
				9F3C2CCC25B8C702000D7577 /* DrawingUITests */,
				9F3C2CA925B8C701000D7577 /* Products */,
			);
			sourceTree = "<group>";
		};
		9F3C2CA925B8C701000D7577 /* Products */ = {
			isa = PBXGroup;
			children = (
				9F3C2CA825B8C701000D7577 /* Drawing.app */,
				9F3C2CBE25B8C702000D7577 /* DrawingTests.xctest */,
				9F3C2CC925B8C702000D7577 /* DrawingUITests.xctest */,
			);
			name = Products;
			sourceTree = "<group>";
		};
		9F3C2CAA25B8C701000D7577 /* Drawing */ = {
			isa = PBXGroup;
			children = (
				9F3C2CAB25B8C701000D7577 /* AppDelegate.swift */,
				9F3C2CAD25B8C701000D7577 /* SceneDelegate.swift */,
				9F3C2CAF25B8C701000D7577 /* ContentView.swift */,
				9FCC839125B9E7F9008F4724 /* ChallengeView.swift */,
				9F3C2CB125B8C702000D7577 /* Assets.xcassets */,
				9F3C2CB625B8C702000D7577 /* LaunchScreen.storyboard */,
				9F3C2CB925B8C702000D7577 /* Info.plist */,
				9F3C2CB325B8C702000D7577 /* Preview Content */,
			);
			path = Drawing;
			sourceTree = "<group>";
		};
		9F3C2CB325B8C702000D7577 /* Preview Content */ = {
			isa = PBXGroup;
			children = (
				9F3C2CB425B8C702000D7577 /* Preview Assets.xcassets */,
			);
			path = "Preview Content";
			sourceTree = "<group>";
		};
		9F3C2CC125B8C702000D7577 /* DrawingTests */ = {
			isa = PBXGroup;
			children = (
				9F3C2CC225B8C702000D7577 /* DrawingTests.swift */,
				9F3C2CC425B8C702000D7577 /* Info.plist */,
			);
			path = DrawingTests;
			sourceTree = "<group>";
		};
		9F3C2CCC25B8C702000D7577 /* DrawingUITests */ = {
			isa = PBXGroup;
			children = (
				9F3C2CCD25B8C702000D7577 /* DrawingUITests.swift */,
				9F3C2CCF25B8C702000D7577 /* Info.plist */,
			);
			path = DrawingUITests;
			sourceTree = "<group>";
		};
/* End PBXGroup section */

/* Begin PBXNativeTarget section */
		9F3C2CA725B8C701000D7577 /* Drawing */ = {
			isa = PBXNativeTarget;
			buildConfigurationList = 9F3C2CD225B8C702000D7577 /* Build configuration list for PBXNativeTarget "Drawing" */;
			buildPhases = (
				9F3C2CA425B8C701000D7577 /* Sources */,
				9F3C2CA525B8C701000D7577 /* Frameworks */,
				9F3C2CA625B8C701000D7577 /* Resources */,
			);
			buildRules = (
			);
			dependencies = (
			);
			name = Drawing;
			productName = Drawing;
			productReference = 9F3C2CA825B8C701000D7577 /* Drawing.app */;
			productType = "com.apple.product-type.application";
		};
		9F3C2CBD25B8C702000D7577 /* DrawingTests */ = {
			isa = PBXNativeTarget;
			buildConfigurationList = 9F3C2CD525B8C702000D7577 /* Build configuration list for PBXNativeTarget "DrawingTests" */;
			buildPhases = (
				9F3C2CBA25B8C702000D7577 /* Sources */,
				9F3C2CBB25B8C702000D7577 /* Frameworks */,
				9F3C2CBC25B8C702000D7577 /* Resources */,
			);
			buildRules = (
			);
			dependencies = (
				9F3C2CC025B8C702000D7577 /* PBXTargetDependency */,
			);
			name = DrawingTests;
			productName = DrawingTests;
			productReference = 9F3C2CBE25B8C702000D7577 /* DrawingTests.xctest */;
			productType = "com.apple.product-type.bundle.unit-test";
		};
		9F3C2CC825B8C702000D7577 /* DrawingUITests */ = {
			isa = PBXNativeTarget;
			buildConfigurationList = 9F3C2CD825B8C702000D7577 /* Build configuration list for PBXNativeTarget "DrawingUITests" */;
			buildPhases = (
				9F3C2CC525B8C702000D7577 /* Sources */,
				9F3C2CC625B8C702000D7577 /* Frameworks */,
				9F3C2CC725B8C702000D7577 /* Resources */,
			);
			buildRules = (
			);
			dependencies = (
				9F3C2CCB25B8C702000D7577 /* PBXTargetDependency */,
			);
			name = DrawingUITests;
			productName = DrawingUITests;
			productReference = 9F3C2CC925B8C702000D7577 /* DrawingUITests.xctest */;
			productType = "com.apple.product-type.bundle.ui-testing";
		};
/* End PBXNativeTarget section */

/* Begin PBXProject section */
		9F3C2CA025B8C701000D7577 /* Project object */ = {
			isa = PBXProject;
			attributes = {
				LastSwiftUpdateCheck = 1200;
				LastUpgradeCheck = 1200;
				TargetAttributes = {
					9F3C2CA725B8C701000D7577 = {
						CreatedOnToolsVersion = 12.0;
					};
					9F3C2CBD25B8C702000D7577 = {
						CreatedOnToolsVersion = 12.0;
						TestTargetID = 9F3C2CA725B8C701000D7577;
					};
					9F3C2CC825B8C702000D7577 = {
						CreatedOnToolsVersion = 12.0;
						TestTargetID = 9F3C2CA725B8C701000D7577;
					};
				};
			};
			buildConfigurationList = 9F3C2CA325B8C701000D7577 /* Build configuration list for PBXProject "Drawing" */;
			compatibilityVersion = "Xcode 9.3";
			developmentRegion = en;
			hasScannedForEncodings = 0;
			knownRegions = (
				en,
				Base,
			);
			mainGroup = 9F3C2C9F25B8C701000D7577;
			productRefGroup = 9F3C2CA925B8C701000D7577 /* Products */;
			projectDirPath = "";
			projectRoot = "";
			targets = (
				9F3C2CA725B8C701000D7577 /* Drawing */,
				9F3C2CBD25B8C702000D7577 /* DrawingTests */,
				9F3C2CC825B8C702000D7577 /* DrawingUITests */,
			);
		};
/* End PBXProject section */

/* Begin PBXResourcesBuildPhase section */
		9F3C2CA625B8C701000D7577 /* Resources */ = {
			isa = PBXResourcesBuildPhase;
			buildActionMask = 2147483647;
			files = (
				9F3C2CB825B8C702000D7577 /* LaunchScreen.storyboard in Resources */,
				9F3C2CB525B8C702000D7577 /* Preview Assets.xcassets in Resources */,
				9F3C2CB225B8C702000D7577 /* Assets.xcassets in Resources */,
			);
			runOnlyForDeploymentPostprocessing = 0;
		};
		9F3C2CBC25B8C702000D7577 /* Resources */ = {
			isa = PBXResourcesBuildPhase;
			buildActionMask = 2147483647;
			files = (
			);
			runOnlyForDeploymentPostprocessing = 0;
		};
		9F3C2CC725B8C702000D7577 /* Resources */ = {
			isa = PBXResourcesBuildPhase;
			buildActionMask = 2147483647;
			files = (
			);
			runOnlyForDeploymentPostprocessing = 0;
		};
/* End PBXResourcesBuildPhase section */

/* Begin PBXSourcesBuildPhase section */
		9F3C2CA425B8C701000D7577 /* Sources */ = {
			isa = PBXSourcesBuildPhase;
			buildActionMask = 2147483647;
			files = (
				9FCC839225B9E7F9008F4724 /* ChallengeView.swift in Sources */,
				9F3C2CAC25B8C701000D7577 /* AppDelegate.swift in Sources */,
				9F3C2CAE25B8C701000D7577 /* SceneDelegate.swift in Sources */,
				9F3C2CB025B8C701000D7577 /* ContentView.swift in Sources */,
			);
			runOnlyForDeploymentPostprocessing = 0;
		};
		9F3C2CBA25B8C702000D7577 /* Sources */ = {
			isa = PBXSourcesBuildPhase;
			buildActionMask = 2147483647;
			files = (
				9F3C2CC325B8C702000D7577 /* DrawingTests.swift in Sources */,
			);
			runOnlyForDeploymentPostprocessing = 0;
		};
		9F3C2CC525B8C702000D7577 /* Sources */ = {
			isa = PBXSourcesBuildPhase;
			buildActionMask = 2147483647;
			files = (
				9F3C2CCE25B8C702000D7577 /* DrawingUITests.swift in Sources */,
			);
			runOnlyForDeploymentPostprocessing = 0;
		};
/* End PBXSourcesBuildPhase section */

/* Begin PBXTargetDependency section */
		9F3C2CC025B8C702000D7577 /* PBXTargetDependency */ = {
			isa = PBXTargetDependency;
			target = 9F3C2CA725B8C701000D7577 /* Drawing */;
			targetProxy = 9F3C2CBF25B8C702000D7577 /* PBXContainerItemProxy */;
		};
		9F3C2CCB25B8C702000D7577 /* PBXTargetDependency */ = {
			isa = PBXTargetDependency;
			target = 9F3C2CA725B8C701000D7577 /* Drawing */;
			targetProxy = 9F3C2CCA25B8C702000D7577 /* PBXContainerItemProxy */;
		};
/* End PBXTargetDependency section */

/* Begin PBXVariantGroup section */
		9F3C2CB625B8C702000D7577 /* LaunchScreen.storyboard */ = {
			isa = PBXVariantGroup;
			children = (
				9F3C2CB725B8C702000D7577 /* Base */,
			);
			name = LaunchScreen.storyboard;
			sourceTree = "<group>";
		};
/* End PBXVariantGroup section */

/* Begin XCBuildConfiguration section */
		9F3C2CD025B8C702000D7577 /* Debug */ = {
			isa = XCBuildConfiguration;
			buildSettings = {
				ALWAYS_SEARCH_USER_PATHS = NO;
				CLANG_ANALYZER_NONNULL = YES;
				CLANG_ANALYZER_NUMBER_OBJECT_CONVERSION = YES_AGGRESSIVE;
				CLANG_CXX_LANGUAGE_STANDARD = "gnu++14";
				CLANG_CXX_LIBRARY = "libc++";
				CLANG_ENABLE_MODULES = YES;
				CLANG_ENABLE_OBJC_ARC = YES;
				CLANG_ENABLE_OBJC_WEAK = YES;
				CLANG_WARN_BLOCK_CAPTURE_AUTORELEASING = YES;
				CLANG_WARN_BOOL_CONVERSION = YES;
				CLANG_WARN_COMMA = YES;
				CLANG_WARN_CONSTANT_CONVERSION = YES;
				CLANG_WARN_DEPRECATED_OBJC_IMPLEMENTATIONS = YES;
				CLANG_WARN_DIRECT_OBJC_ISA_USAGE = YES_ERROR;
				CLANG_WARN_DOCUMENTATION_COMMENTS = YES;
				CLANG_WARN_EMPTY_BODY = YES;
				CLANG_WARN_ENUM_CONVERSION = YES;
				CLANG_WARN_INFINITE_RECURSION = YES;
				CLANG_WARN_INT_CONVERSION = YES;
				CLANG_WARN_NON_LITERAL_NULL_CONVERSION = YES;
				CLANG_WARN_OBJC_IMPLICIT_RETAIN_SELF = YES;
				CLANG_WARN_OBJC_LITERAL_CONVERSION = YES;
				CLANG_WARN_OBJC_ROOT_CLASS = YES_ERROR;
				CLANG_WARN_QUOTED_INCLUDE_IN_FRAMEWORK_HEADER = YES;
				CLANG_WARN_RANGE_LOOP_ANALYSIS = YES;
				CLANG_WARN_STRICT_PROTOTYPES = YES;
				CLANG_WARN_SUSPICIOUS_MOVE = YES;
				CLANG_WARN_UNGUARDED_AVAILABILITY = YES_AGGRESSIVE;
				CLANG_WARN_UNREACHABLE_CODE = YES;
				CLANG_WARN__DUPLICATE_METHOD_MATCH = YES;
				COPY_PHASE_STRIP = NO;
				DEBUG_INFORMATION_FORMAT = dwarf;
				ENABLE_STRICT_OBJC_MSGSEND = YES;
				ENABLE_TESTABILITY = YES;
				GCC_C_LANGUAGE_STANDARD = gnu11;
				GCC_DYNAMIC_NO_PIC = NO;
				GCC_NO_COMMON_BLOCKS = YES;
				GCC_OPTIMIZATION_LEVEL = 0;
				GCC_PREPROCESSOR_DEFINITIONS = (
					"DEBUG=1",
					"$(inherited)",
				);
				GCC_WARN_64_TO_32_BIT_CONVERSION = YES;
				GCC_WARN_ABOUT_RETURN_TYPE = YES_ERROR;
				GCC_WARN_UNDECLARED_SELECTOR = YES;
				GCC_WARN_UNINITIALIZED_AUTOS = YES_AGGRESSIVE;
				GCC_WARN_UNUSED_FUNCTION = YES;
				GCC_WARN_UNUSED_VARIABLE = YES;
				IPHONEOS_DEPLOYMENT_TARGET = 14.0;
				MTL_ENABLE_DEBUG_INFO = INCLUDE_SOURCE;
				MTL_FAST_MATH = YES;
				ONLY_ACTIVE_ARCH = YES;
				SDKROOT = iphoneos;
				SWIFT_ACTIVE_COMPILATION_CONDITIONS = DEBUG;
				SWIFT_OPTIMIZATION_LEVEL = "-Onone";
			};
			name = Debug;
		};
		9F3C2CD125B8C702000D7577 /* Release */ = {
			isa = XCBuildConfiguration;
			buildSettings = {
				ALWAYS_SEARCH_USER_PATHS = NO;
				CLANG_ANALYZER_NONNULL = YES;
				CLANG_ANALYZER_NUMBER_OBJECT_CONVERSION = YES_AGGRESSIVE;
				CLANG_CXX_LANGUAGE_STANDARD = "gnu++14";
				CLANG_CXX_LIBRARY = "libc++";
				CLANG_ENABLE_MODULES = YES;
				CLANG_ENABLE_OBJC_ARC = YES;
				CLANG_ENABLE_OBJC_WEAK = YES;
				CLANG_WARN_BLOCK_CAPTURE_AUTORELEASING = YES;
				CLANG_WARN_BOOL_CONVERSION = YES;
				CLANG_WARN_COMMA = YES;
				CLANG_WARN_CONSTANT_CONVERSION = YES;
				CLANG_WARN_DEPRECATED_OBJC_IMPLEMENTATIONS = YES;
				CLANG_WARN_DIRECT_OBJC_ISA_USAGE = YES_ERROR;
				CLANG_WARN_DOCUMENTATION_COMMENTS = YES;
				CLANG_WARN_EMPTY_BODY = YES;
				CLANG_WARN_ENUM_CONVERSION = YES;
				CLANG_WARN_INFINITE_RECURSION = YES;
				CLANG_WARN_INT_CONVERSION = YES;
				CLANG_WARN_NON_LITERAL_NULL_CONVERSION = YES;
				CLANG_WARN_OBJC_IMPLICIT_RETAIN_SELF = YES;
				CLANG_WARN_OBJC_LITERAL_CONVERSION = YES;
				CLANG_WARN_OBJC_ROOT_CLASS = YES_ERROR;
				CLANG_WARN_QUOTED_INCLUDE_IN_FRAMEWORK_HEADER = YES;
				CLANG_WARN_RANGE_LOOP_ANALYSIS = YES;
				CLANG_WARN_STRICT_PROTOTYPES = YES;
				CLANG_WARN_SUSPICIOUS_MOVE = YES;
				CLANG_WARN_UNGUARDED_AVAILABILITY = YES_AGGRESSIVE;
				CLANG_WARN_UNREACHABLE_CODE = YES;
				CLANG_WARN__DUPLICATE_METHOD_MATCH = YES;
				COPY_PHASE_STRIP = NO;
				DEBUG_INFORMATION_FORMAT = "dwarf-with-dsym";
				ENABLE_NS_ASSERTIONS = NO;
				ENABLE_STRICT_OBJC_MSGSEND = YES;
				GCC_C_LANGUAGE_STANDARD = gnu11;
				GCC_NO_COMMON_BLOCKS = YES;
				GCC_WARN_64_TO_32_BIT_CONVERSION = YES;
				GCC_WARN_ABOUT_RETURN_TYPE = YES_ERROR;
				GCC_WARN_UNDECLARED_SELECTOR = YES;
				GCC_WARN_UNINITIALIZED_AUTOS = YES_AGGRESSIVE;
				GCC_WARN_UNUSED_FUNCTION = YES;
				GCC_WARN_UNUSED_VARIABLE = YES;
				IPHONEOS_DEPLOYMENT_TARGET = 14.0;
				MTL_ENABLE_DEBUG_INFO = NO;
				MTL_FAST_MATH = YES;
				SDKROOT = iphoneos;
				SWIFT_COMPILATION_MODE = wholemodule;
				SWIFT_OPTIMIZATION_LEVEL = "-O";
				VALIDATE_PRODUCT = YES;
			};
			name = Release;
		};
		9F3C2CD325B8C702000D7577 /* Debug */ = {
			isa = XCBuildConfiguration;
			buildSettings = {
				ASSETCATALOG_COMPILER_APPICON_NAME = AppIcon;
				ASSETCATALOG_COMPILER_GLOBAL_ACCENT_COLOR_NAME = AccentColor;
				CODE_SIGN_STYLE = Automatic;
				DEVELOPMENT_ASSET_PATHS = "\"Drawing/Preview Content\"";
				DEVELOPMENT_TEAM = 4DW86QYDM7;
				ENABLE_PREVIEWS = YES;
				INFOPLIST_FILE = Drawing/Info.plist;
				LD_RUNPATH_SEARCH_PATHS = (
					"$(inherited)",
					"@executable_path/Frameworks",
				);
				PRODUCT_BUNDLE_IDENTIFIER = com.example.Drawing;
				PRODUCT_NAME = "$(TARGET_NAME)";
				SWIFT_VERSION = 5.0;
				TARGETED_DEVICE_FAMILY = "1,2";
			};
			name = Debug;
		};
		9F3C2CD425B8C702000D7577 /* Release */ = {
			isa = XCBuildConfiguration;
			buildSettings = {
				ASSETCATALOG_COMPILER_APPICON_NAME = AppIcon;
				ASSETCATALOG_COMPILER_GLOBAL_ACCENT_COLOR_NAME = AccentColor;
				CODE_SIGN_STYLE = Automatic;
				DEVELOPMENT_ASSET_PATHS = "\"Drawing/Preview Content\"";
				DEVELOPMENT_TEAM = 4DW86QYDM7;
				ENABLE_PREVIEWS = YES;
				INFOPLIST_FILE = Drawing/Info.plist;
				LD_RUNPATH_SEARCH_PATHS = (
					"$(inherited)",
					"@executable_path/Frameworks",
				);
				PRODUCT_BUNDLE_IDENTIFIER = com.example.Drawing;
				PRODUCT_NAME = "$(TARGET_NAME)";
				SWIFT_VERSION = 5.0;
				TARGETED_DEVICE_FAMILY = "1,2";
			};
			name = Release;
		};
		9F3C2CD625B8C702000D7577 /* Debug */ = {
			isa = XCBuildConfiguration;
			buildSettings = {
				ALWAYS_EMBED_SWIFT_STANDARD_LIBRARIES = YES;
				BUNDLE_LOADER = "$(TEST_HOST)";
				CODE_SIGN_STYLE = Automatic;
				DEVELOPMENT_TEAM = 4DW86QYDM7;
				INFOPLIST_FILE = DrawingTests/Info.plist;
				IPHONEOS_DEPLOYMENT_TARGET = 14.0;
				LD_RUNPATH_SEARCH_PATHS = (
					"$(inherited)",
					"@executable_path/Frameworks",
					"@loader_path/Frameworks",
				);
				PRODUCT_BUNDLE_IDENTIFIER = com.example.DrawingTests;
				PRODUCT_NAME = "$(TARGET_NAME)";
				SWIFT_VERSION = 5.0;
				TARGETED_DEVICE_FAMILY = "1,2";
				TEST_HOST = "$(BUILT_PRODUCTS_DIR)/Drawing.app/Drawing";
			};
			name = Debug;
		};
		9F3C2CD725B8C702000D7577 /* Release */ = {
			isa = XCBuildConfiguration;
			buildSettings = {
				ALWAYS_EMBED_SWIFT_STANDARD_LIBRARIES = YES;
				BUNDLE_LOADER = "$(TEST_HOST)";
				CODE_SIGN_STYLE = Automatic;
				DEVELOPMENT_TEAM = 4DW86QYDM7;
				INFOPLIST_FILE = DrawingTests/Info.plist;
				IPHONEOS_DEPLOYMENT_TARGET = 14.0;
				LD_RUNPATH_SEARCH_PATHS = (
					"$(inherited)",
					"@executable_path/Frameworks",
					"@loader_path/Frameworks",
				);
				PRODUCT_BUNDLE_IDENTIFIER = com.example.DrawingTests;
				PRODUCT_NAME = "$(TARGET_NAME)";
				SWIFT_VERSION = 5.0;
				TARGETED_DEVICE_FAMILY = "1,2";
				TEST_HOST = "$(BUILT_PRODUCTS_DIR)/Drawing.app/Drawing";
			};
			name = Release;
		};
		9F3C2CD925B8C702000D7577 /* Debug */ = {
			isa = XCBuildConfiguration;
			buildSettings = {
				ALWAYS_EMBED_SWIFT_STANDARD_LIBRARIES = YES;
				CODE_SIGN_STYLE = Automatic;
				DEVELOPMENT_TEAM = 4DW86QYDM7;
				INFOPLIST_FILE = DrawingUITests/Info.plist;
				LD_RUNPATH_SEARCH_PATHS = (
					"$(inherited)",
					"@executable_path/Frameworks",
					"@loader_path/Frameworks",
				);
				PRODUCT_BUNDLE_IDENTIFIER = com.example.DrawingUITests;
				PRODUCT_NAME = "$(TARGET_NAME)";
				SWIFT_VERSION = 5.0;
				TARGETED_DEVICE_FAMILY = "1,2";
				TEST_TARGET_NAME = Drawing;
			};
			name = Debug;
		};
		9F3C2CDA25B8C702000D7577 /* Release */ = {
			isa = XCBuildConfiguration;
			buildSettings = {
				ALWAYS_EMBED_SWIFT_STANDARD_LIBRARIES = YES;
				CODE_SIGN_STYLE = Automatic;
				DEVELOPMENT_TEAM = 4DW86QYDM7;
				INFOPLIST_FILE = DrawingUITests/Info.plist;
				LD_RUNPATH_SEARCH_PATHS = (
					"$(inherited)",
					"@executable_path/Frameworks",
					"@loader_path/Frameworks",
				);
				PRODUCT_BUNDLE_IDENTIFIER = com.example.DrawingUITests;
				PRODUCT_NAME = "$(TARGET_NAME)";
				SWIFT_VERSION = 5.0;
				TARGETED_DEVICE_FAMILY = "1,2";
				TEST_TARGET_NAME = Drawing;
			};
			name = Release;
		};
/* End XCBuildConfiguration section */

/* Begin XCConfigurationList section */
		9F3C2CA325B8C701000D7577 /* Build configuration list for PBXProject "Drawing" */ = {
			isa = XCConfigurationList;
			buildConfigurations = (
				9F3C2CD025B8C702000D7577 /* Debug */,
				9F3C2CD125B8C702000D7577 /* Release */,
			);
			defaultConfigurationIsVisible = 0;
			defaultConfigurationName = Release;
		};
		9F3C2CD225B8C702000D7577 /* Build configuration list for PBXNativeTarget "Drawing" */ = {
			isa = XCConfigurationList;
			buildConfigurations = (
				9F3C2CD325B8C702000D7577 /* Debug */,
				9F3C2CD425B8C702000D7577 /* Release */,
			);
			defaultConfigurationIsVisible = 0;
			defaultConfigurationName = Release;
		};
		9F3C2CD525B8C702000D7577 /* Build configuration list for PBXNativeTarget "DrawingTests" */ = {
			isa = XCConfigurationList;
			buildConfigurations = (
				9F3C2CD625B8C702000D7577 /* Debug */,
				9F3C2CD725B8C702000D7577 /* Release */,
			);
			defaultConfigurationIsVisible = 0;
			defaultConfigurationName = Release;
		};
		9F3C2CD825B8C702000D7577 /* Build configuration list for PBXNativeTarget "DrawingUITests" */ = {
			isa = XCConfigurationList;
			buildConfigurations = (
				9F3C2CD925B8C702000D7577 /* Debug */,
				9F3C2CDA25B8C702000D7577 /* Release */,
			);
			defaultConfigurationIsVisible = 0;
			defaultConfigurationName = Release;
		};
/* End XCConfigurationList section */
	};
	rootObject = 9F3C2CA025B8C701000D7577 /* Project object */;
}
